// !$*UTF8*$!
{
	archiveVersion = 1;
	classes = {
	};
	objectVersion = 46;
	objects = {

/* Begin PBXBuildFile section */
		3EB6157B1AF1CD3C00A17B0F /* main.m in Sources */ = {isa = PBXBuildFile; fileRef = 3EB6157A1AF1CD3C00A17B0F /* main.m */; };
		3EB615831AF1D03D00A17B0F /* BSDSocketServer.m in Sources */ = {isa = PBXBuildFile; fileRef = 3EB615821AF1D03D00A17B0F /* BSDSocketServer.m */; };
/* End PBXBuildFile section */

/* Begin PBXCopyFilesBuildPhase section */
		3EB615751AF1CD3C00A17B0F /* CopyFiles */ = {
			isa = PBXCopyFilesBuildPhase;
			buildActionMask = 2147483647;
			dstPath = /usr/share/man/man1/;
			dstSubfolderSpec = 0;
			files = (
			);
			runOnlyForDeploymentPostprocessing = 1;
		};
/* End PBXCopyFilesBuildPhase section */

/* Begin PBXFileReference section */
		3EB615771AF1CD3C00A17B0F /* BSDSocketServer */ = {isa = PBXFileReference; explicitFileType = "compiled.mach-o.executable"; includeInIndex = 0; path = BSDSocketServer; sourceTree = BUILT_PRODUCTS_DIR; };
		3EB6157A1AF1CD3C00A17B0F /* main.m */ = {isa = PBXFileReference; lastKnownFileType = sourcecode.c.objc; path = main.m; sourceTree = "<group>"; };
		3EB615811AF1CD6600A17B0F /* BSDSocketServer.h */ = {isa = PBXFileReference; lastKnownFileType = sourcecode.c.h; path = BSDSocketServer.h; sourceTree = "<group>"; };
		3EB615821AF1D03D00A17B0F /* BSDSocketServer.m */ = {isa = PBXFileReference; fileEncoding = 4; lastKnownFileType = sourcecode.c.objc; path = BSDSocketServer.m; sourceTree = "<group>"; };
/* End PBXFileReference section */

/* Begin PBXFrameworksBuildPhase section */
		3EB615741AF1CD3C00A17B0F /* Frameworks */ = {
			isa = PBXFrameworksBuildPhase;
			buildActionMask = 2147483647;
			files = (
			);
			runOnlyForDeploymentPostprocessing = 0;
		};
/* End PBXFrameworksBuildPhase section */

/* Begin PBXGroup section */
		3EB6156E1AF1CD3C00A17B0F = {
			isa = PBXGroup;
			children = (
				3EB615791AF1CD3C00A17B0F /* BSDSocketServer */,
				3EB615781AF1CD3C00A17B0F /* Products */,
			);
			sourceTree = "<group>";
		};
		3EB615781AF1CD3C00A17B0F /* Products */ = {
			isa = PBXGroup;
			children = (
				3EB615771AF1CD3C00A17B0F /* BSDSocketServer */,
			);
			name = Products;
			sourceTree = "<group>";
		};
		3EB615791AF1CD3C00A17B0F /* BSDSocketServer */ = {
			isa = PBXGroup;
			children = (
				3EB6157A1AF1CD3C00A17B0F /* main.m */,
				3EB615811AF1CD6600A17B0F /* BSDSocketServer.h */,
				3EB615821AF1D03D00A17B0F /* BSDSocketServer.m */,
			);
			path = BSDSocketServer;
			sourceTree = "<group>";
		};
/* End PBXGroup section */

/* Begin PBXNativeTarget section */
		3EB615761AF1CD3C00A17B0F /* BSDSocketServer */ = {
			isa = PBXNativeTarget;
			buildConfigurationList = 3EB6157E1AF1CD3C00A17B0F /* Build configuration list for PBXNativeTarget "BSDSocketServer" */;
			buildPhases = (
				3EB615731AF1CD3C00A17B0F /* Sources */,
				3EB615741AF1CD3C00A17B0F /* Frameworks */,
				3EB615751AF1CD3C00A17B0F /* CopyFiles */,
			);
			buildRules = (
			);
			dependencies = (
			);
			name = BSDSocketServer;
			productName = BSDSocketServer;
			productReference = 3EB615771AF1CD3C00A17B0F /* BSDSocketServer */;
			productType = "com.apple.product-type.tool";
		};
/* End PBXNativeTarget section */

/* Begin PBXProject section */
		3EB6156F1AF1CD3C00A17B0F /* Project object */ = {
			isa = PBXProject;
			attributes = {
				LastUpgradeCheck = 0630;
				ORGANIZATIONNAME = "Hello HQ Pte. Ltd.";
				TargetAttributes = {
					3EB615761AF1CD3C00A17B0F = {
						CreatedOnToolsVersion = 6.3;
					};
				};
			};
			buildConfigurationList = 3EB615721AF1CD3C00A17B0F /* Build configuration list for PBXProject "BSDSocketServer" */;
			compatibilityVersion = "Xcode 3.2";
			developmentRegion = English;
			hasScannedForEncodings = 0;
			knownRegions = (
				en,
			);
			mainGroup = 3EB6156E1AF1CD3C00A17B0F;
			productRefGroup = 3EB615781AF1CD3C00A17B0F /* Products */;
			projectDirPath = "";
			projectRoot = "";
			targets = (
				3EB615761AF1CD3C00A17B0F /* BSDSocketServer */,
			);
		};
/* End PBXProject section */

/* Begin PBXSourcesBuildPhase section */
		3EB615731AF1CD3C00A17B0F /* Sources */ = {
			isa = PBXSourcesBuildPhase;
			buildActionMask = 2147483647;
			files = (
				3EB6157B1AF1CD3C00A17B0F /* main.m in Sources */,
				3EB615831AF1D03D00A17B0F /* BSDSocketServer.m in Sources */,
			);
			runOnlyForDeploymentPostprocessing = 0;
		};
/* End PBXSourcesBuildPhase section */

/* Begin XCBuildConfiguration section */
		3EB6157C1AF1CD3C00A17B0F /* Debug */ = {
			isa = XCBuildConfiguration;
			buildSettings = {
				ALWAYS_SEARCH_USER_PATHS = NO;
				CLANG_CXX_LANGUAGE_STANDARD = "gnu++0x";
				CLANG_CXX_LIBRARY = "libc++";
				CLANG_ENABLE_MODULES = YES;
				CLANG_ENABLE_OBJC_ARC = YES;
				CLANG_WARN_BOOL_CONVERSION = YES;
				CLANG_WARN_CONSTANT_CONVERSION = YES;
				CLANG_WARN_DIRECT_OBJC_ISA_USAGE = YES_ERROR;
				CLANG_WARN_EMPTY_BODY = YES;
				CLANG_WARN_ENUM_CONVERSION = YES;
				CLANG_WARN_INT_CONVERSION = YES;
				CLANG_WARN_OBJC_ROOT_CLASS = YES_ERROR;
				CLANG_WARN_UNREACHABLE_CODE = YES;
				CLANG_WARN__DUPLICATE_METHOD_MATCH = YES;
				COPY_PHASE_STRIP = NO;
				DEBUG_INFORMATION_FORMAT = dwarf;
				ENABLE_STRICT_OBJC_MSGSEND = YES;
				GCC_C_LANGUAGE_STANDARD = gnu99;
				GCC_DYNAMIC_NO_PIC = NO;
				GCC_NO_COMMON_BLOCKS = YES;
				GCC_OPTIMIZATION_LEVEL = 0;
				GCC_PREPROCESSOR_DEFINITIONS = (
					"DEBUG=1",
					"$(inherited)",
				);
				GCC_SYMBOLS_PRIVATE_EXTERN = NO;
				GCC_WARN_64_TO_32_BIT_CONVERSION = YES;
				GCC_WARN_ABOUT_RETURN_TYPE = YES_ERROR;
				GCC_WARN_UNDECLARED_SELECTOR = YES;
				GCC_WARN_UNINITIALIZED_AUTOS = YES_AGGRESSIVE;
				GCC_WARN_UNUSED_FUNCTION = YES;
				GCC_WARN_UNUSED_VARIABLE = YES;
				MACOSX_DEPLOYMENT_TARGET = 10.10;
				MTL_ENABLE_DEBUG_INFO = YES;
				ONLY_ACTIVE_ARCH = YES;
				SDKROOT = macosx;
			};
			name = Debug;
		};
		3EB6157D1AF1CD3C00A17B0F /* Release */ = {
			isa = XCBuildConfiguration;
			buildSettings = {
				ALWAYS_SEARCH_USER_PATHS = NO;
				CLANG_CXX_LANGUAGE_STANDARD = "gnu++0x";
				CLANG_CXX_LIBRARY = "libc++";
				CLANG_ENABLE_MODULES = YES;
				CLANG_ENABLE_OBJC_ARC = YES;
				CLANG_WARN_BOOL_CONVERSION = YES;
				CLANG_WARN_CONSTANT_CONVERSION = YES;
				CLANG_WARN_DIRECT_OBJC_ISA_USAGE = YES_ERROR;
				CLANG_WARN_EMPTY_BODY = YES;
				CLANG_WARN_ENUM_CONVERSION = YES;
				CLANG_WARN_INT_CONVERSION = YES;
				CLANG_WARN_OBJC_ROOT_CLASS = YES_ERROR;
				CLANG_WARN_UNREACHABLE_CODE = YES;
				CLANG_WARN__DUPLICATE_METHOD_MATCH = YES;
				COPY_PHASE_STRIP = NO;
				DEBUG_INFORMATION_FORMAT = "dwarf-with-dsym";
				ENABLE_NS_ASSERTIONS = NO;
				ENABLE_STRICT_OBJC_MSGSEND = YES;
				GCC_C_LANGUAGE_STANDARD = gnu99;
				GCC_NO_COMMON_BLOCKS = YES;
				GCC_WARN_64_TO_32_BIT_CONVERSION = YES;
				GCC_WARN_ABOUT_RETURN_TYPE = YES_ERROR;
				GCC_WARN_UNDECLARED_SELECTOR = YES;
				GCC_WARN_UNINITIALIZED_AUTOS = YES_AGGRESSIVE;
				GCC_WARN_UNUSED_FUNCTION = YES;
				GCC_WARN_UNUSED_VARIABLE = YES;
				MACOSX_DEPLOYMENT_TARGET = 10.10;
				MTL_ENABLE_DEBUG_INFO = NO;
				SDKROOT = macosx;
			};
			name = Release;
		};
		3EB6157F1AF1CD3C00A17B0F /* Debug */ = {
			isa = XCBuildConfiguration;
			buildSettings = {
				PRODUCT_NAME = "$(TARGET_NAME)";
			};
			name = Debug;
		};
		3EB615801AF1CD3C00A17B0F /* Release */ = {
			isa = XCBuildConfiguration;
			buildSettings = {
				PRODUCT_NAME = "$(TARGET_NAME)";
			};
			name = Release;
		};
/* End XCBuildConfiguration section */

/* Begin XCConfigurationList section */
		3EB615721AF1CD3C00A17B0F /* Build configuration list for PBXProject "BSDSocketServer" */ = {
			isa = XCConfigurationList;
			buildConfigurations = (
				3EB6157C1AF1CD3C00A17B0F /* Debug */,
				3EB6157D1AF1CD3C00A17B0F /* Release */,
			);
			defaultConfigurationIsVisible = 0;
			defaultConfigurationName = Release;
		};
		3EB6157E1AF1CD3C00A17B0F /* Build configuration list for PBXNativeTarget "BSDSocketServer" */ = {
			isa = XCConfigurationList;
			buildConfigurations = (
				3EB6157F1AF1CD3C00A17B0F /* Debug */,
				3EB615801AF1CD3C00A17B0F /* Release */,
			);
			defaultConfigurationIsVisible = 0;
		};
/* End XCConfigurationList section */
	};
	rootObject = 3EB6156F1AF1CD3C00A17B0F /* Project object */;
}
